// !$*UTF8*$!
{
	archiveVersion = 1;
	classes = {
	};
	objectVersion = 56;
	objects = {

/* Begin PBXBuildFile section */
		9AEE274C2BEE88A800F8D6C0 /* RestourantReviewAppApp.swift in Sources */ = {isa = PBXBuildFile; fileRef = 9AEE274B2BEE88A800F8D6C0 /* RestourantReviewAppApp.swift */; };
		9AEE27522BEE88AB00F8D6C0 /* Assets.xcassets in Resources */ = {isa = PBXBuildFile; fileRef = 9AEE27512BEE88AB00F8D6C0 /* Assets.xcassets */; };
		9AEE27552BEE88AB00F8D6C0 /* Preview Assets.xcassets in Resources */ = {isa = PBXBuildFile; fileRef = 9AEE27542BEE88AB00F8D6C0 /* Preview Assets.xcassets */; };
		9AEE275F2BEE88AB00F8D6C0 /* RestourantReviewAppTests.swift in Sources */ = {isa = PBXBuildFile; fileRef = 9AEE275E2BEE88AB00F8D6C0 /* RestourantReviewAppTests.swift */; };
		9AEE27692BEE88AB00F8D6C0 /* RestourantReviewAppUITests.swift in Sources */ = {isa = PBXBuildFile; fileRef = 9AEE27682BEE88AB00F8D6C0 /* RestourantReviewAppUITests.swift */; };
		9AEE276B2BEE88AB00F8D6C0 /* RestourantReviewAppUITestsLaunchTests.swift in Sources */ = {isa = PBXBuildFile; fileRef = 9AEE276A2BEE88AB00F8D6C0 /* RestourantReviewAppUITestsLaunchTests.swift */; };
		9AEE277C2BEE8B2600F8D6C0 /* Restaurant.swift in Sources */ = {isa = PBXBuildFile; fileRef = 9AEE277B2BEE8B2600F8D6C0 /* Restaurant.swift */; };
		9AEE277E2BEE8B2F00F8D6C0 /* Review.swift in Sources */ = {isa = PBXBuildFile; fileRef = 9AEE277D2BEE8B2F00F8D6C0 /* Review.swift */; };
		9AEE27802BEE8DEA00F8D6C0 /* RestaurantsView.swift in Sources */ = {isa = PBXBuildFile; fileRef = 9AEE277F2BEE8DEA00F8D6C0 /* RestaurantsView.swift */; };
		9AEE27822BEE8DF900F8D6C0 /* ReviewView.swift in Sources */ = {isa = PBXBuildFile; fileRef = 9AEE27812BEE8DF900F8D6C0 /* ReviewView.swift */; };
		9AEE27842BEE8E0D00F8D6C0 /* RestourantListItemView.swift in Sources */ = {isa = PBXBuildFile; fileRef = 9AEE27832BEE8E0D00F8D6C0 /* RestourantListItemView.swift */; };
		9AEE27862BEE8E1B00F8D6C0 /* ReviewListItemView.swift in Sources */ = {isa = PBXBuildFile; fileRef = 9AEE27852BEE8E1B00F8D6C0 /* ReviewListItemView.swift */; };
		9AEE27882BEE8E3E00F8D6C0 /* AddRestourantView.swift in Sources */ = {isa = PBXBuildFile; fileRef = 9AEE27872BEE8E3D00F8D6C0 /* AddRestourantView.swift */; };
		9AEE278A2BEE8E4600F8D6C0 /* AddReviewView.swift in Sources */ = {isa = PBXBuildFile; fileRef = 9AEE27892BEE8E4600F8D6C0 /* AddReviewView.swift */; };
		9AEE27932BF0CCA100F8D6C0 /* Date+Format.swift in Sources */ = {isa = PBXBuildFile; fileRef = 9AEE27922BF0CCA100F8D6C0 /* Date+Format.swift */; };
		9AEE27962BF0D11C00F8D6C0 /* StarRatingView.swift in Sources */ = {isa = PBXBuildFile; fileRef = 9AEE27952BF0D11C00F8D6C0 /* StarRatingView.swift */; };
		9AEE27982BF0D76500F8D6C0 /* DatePickerView.swift in Sources */ = {isa = PBXBuildFile; fileRef = 9AEE27972BF0D76500F8D6C0 /* DatePickerView.swift */; };
		9AEE279E2BF0E1EC00F8D6C0 /* EmptyListView.swift in Sources */ = {isa = PBXBuildFile; fileRef = 9AEE279D2BF0E1EC00F8D6C0 /* EmptyListView.swift */; };
		9AEE27A02BF0E9E700F8D6C0 /* StartRateView.swift in Sources */ = {isa = PBXBuildFile; fileRef = 9AEE279F2BF0E9E700F8D6C0 /* StartRateView.swift */; };
		9AEE27A22BF0EC3500F8D6C0 /* RestaurantType.swift in Sources */ = {isa = PBXBuildFile; fileRef = 9AEE27A12BF0EC3500F8D6C0 /* RestaurantType.swift */; };
		9AEE27A42BF0F85400F8D6C0 /* ReviewVM.swift in Sources */ = {isa = PBXBuildFile; fileRef = 9AEE27A32BF0F85400F8D6C0 /* ReviewVM.swift */; };
		9AEE27A72BF0FA6A00F8D6C0 /* ReviewBuilder.swift in Sources */ = {isa = PBXBuildFile; fileRef = 9AEE27A62BF0FA6A00F8D6C0 /* ReviewBuilder.swift */; };
		9AEE27AA2BF0FAE800F8D6C0 /* AddRestaurantVM.swift in Sources */ = {isa = PBXBuildFile; fileRef = 9AEE27A92BF0FAE800F8D6C0 /* AddRestaurantVM.swift */; };
		9AEE27AC2BF0FCDC00F8D6C0 /* AddRestaurantBuilder.swift in Sources */ = {isa = PBXBuildFile; fileRef = 9AEE27AB2BF0FCDC00F8D6C0 /* AddRestaurantBuilder.swift */; };
		9AEE27B22BF11E7D00F8D6C0 /* SortOptionPill.swift in Sources */ = {isa = PBXBuildFile; fileRef = 9AEE27B12BF11E7D00F8D6C0 /* SortOptionPill.swift */; };
/* End PBXBuildFile section */

/* Begin PBXContainerItemProxy section */
		9AEE275B2BEE88AB00F8D6C0 /* PBXContainerItemProxy */ = {
			isa = PBXContainerItemProxy;
			containerPortal = 9AEE27402BEE88A800F8D6C0 /* Project object */;
			proxyType = 1;
			remoteGlobalIDString = 9AEE27472BEE88A800F8D6C0;
			remoteInfo = RestourantReviewApp;
		};
		9AEE27652BEE88AB00F8D6C0 /* PBXContainerItemProxy */ = {
			isa = PBXContainerItemProxy;
			containerPortal = 9AEE27402BEE88A800F8D6C0 /* Project object */;
			proxyType = 1;
			remoteGlobalIDString = 9AEE27472BEE88A800F8D6C0;
			remoteInfo = RestourantReviewApp;
		};
/* End PBXContainerItemProxy section */

/* Begin PBXFileReference section */
		9AEE27482BEE88A800F8D6C0 /* RestourantReviewApp.app */ = {isa = PBXFileReference; explicitFileType = wrapper.application; includeInIndex = 0; path = RestourantReviewApp.app; sourceTree = BUILT_PRODUCTS_DIR; };
		9AEE274B2BEE88A800F8D6C0 /* RestourantReviewAppApp.swift */ = {isa = PBXFileReference; lastKnownFileType = sourcecode.swift; path = RestourantReviewAppApp.swift; sourceTree = "<group>"; };
		9AEE27512BEE88AB00F8D6C0 /* Assets.xcassets */ = {isa = PBXFileReference; lastKnownFileType = folder.assetcatalog; path = Assets.xcassets; sourceTree = "<group>"; };
		9AEE27542BEE88AB00F8D6C0 /* Preview Assets.xcassets */ = {isa = PBXFileReference; lastKnownFileType = folder.assetcatalog; path = "Preview Assets.xcassets"; sourceTree = "<group>"; };
		9AEE275A2BEE88AB00F8D6C0 /* RestourantReviewAppTests.xctest */ = {isa = PBXFileReference; explicitFileType = wrapper.cfbundle; includeInIndex = 0; path = RestourantReviewAppTests.xctest; sourceTree = BUILT_PRODUCTS_DIR; };
		9AEE275E2BEE88AB00F8D6C0 /* RestourantReviewAppTests.swift */ = {isa = PBXFileReference; lastKnownFileType = sourcecode.swift; path = RestourantReviewAppTests.swift; sourceTree = "<group>"; };
		9AEE27642BEE88AB00F8D6C0 /* RestourantReviewAppUITests.xctest */ = {isa = PBXFileReference; explicitFileType = wrapper.cfbundle; includeInIndex = 0; path = RestourantReviewAppUITests.xctest; sourceTree = BUILT_PRODUCTS_DIR; };
		9AEE27682BEE88AB00F8D6C0 /* RestourantReviewAppUITests.swift */ = {isa = PBXFileReference; lastKnownFileType = sourcecode.swift; path = RestourantReviewAppUITests.swift; sourceTree = "<group>"; };
		9AEE276A2BEE88AB00F8D6C0 /* RestourantReviewAppUITestsLaunchTests.swift */ = {isa = PBXFileReference; lastKnownFileType = sourcecode.swift; path = RestourantReviewAppUITestsLaunchTests.swift; sourceTree = "<group>"; };
		9AEE277B2BEE8B2600F8D6C0 /* Restaurant.swift */ = {isa = PBXFileReference; lastKnownFileType = sourcecode.swift; path = Restaurant.swift; sourceTree = "<group>"; };
		9AEE277D2BEE8B2F00F8D6C0 /* Review.swift */ = {isa = PBXFileReference; lastKnownFileType = sourcecode.swift; path = Review.swift; sourceTree = "<group>"; };
		9AEE277F2BEE8DEA00F8D6C0 /* RestaurantsView.swift */ = {isa = PBXFileReference; lastKnownFileType = sourcecode.swift; path = RestaurantsView.swift; sourceTree = "<group>"; };
		9AEE27812BEE8DF900F8D6C0 /* ReviewView.swift */ = {isa = PBXFileReference; lastKnownFileType = sourcecode.swift; path = ReviewView.swift; sourceTree = "<group>"; };
		9AEE27832BEE8E0D00F8D6C0 /* RestourantListItemView.swift */ = {isa = PBXFileReference; lastKnownFileType = sourcecode.swift; path = RestourantListItemView.swift; sourceTree = "<group>"; };
		9AEE27852BEE8E1B00F8D6C0 /* ReviewListItemView.swift */ = {isa = PBXFileReference; lastKnownFileType = sourcecode.swift; path = ReviewListItemView.swift; sourceTree = "<group>"; };
		9AEE27872BEE8E3D00F8D6C0 /* AddRestourantView.swift */ = {isa = PBXFileReference; lastKnownFileType = sourcecode.swift; path = AddRestourantView.swift; sourceTree = "<group>"; };
		9AEE27892BEE8E4600F8D6C0 /* AddReviewView.swift */ = {isa = PBXFileReference; lastKnownFileType = sourcecode.swift; path = AddReviewView.swift; sourceTree = "<group>"; };
		9AEE27922BF0CCA100F8D6C0 /* Date+Format.swift */ = {isa = PBXFileReference; lastKnownFileType = sourcecode.swift; path = "Date+Format.swift"; sourceTree = "<group>"; };
		9AEE27952BF0D11C00F8D6C0 /* StarRatingView.swift */ = {isa = PBXFileReference; lastKnownFileType = sourcecode.swift; path = StarRatingView.swift; sourceTree = "<group>"; };
		9AEE27972BF0D76500F8D6C0 /* DatePickerView.swift */ = {isa = PBXFileReference; lastKnownFileType = sourcecode.swift; path = DatePickerView.swift; sourceTree = "<group>"; };
		9AEE279D2BF0E1EC00F8D6C0 /* EmptyListView.swift */ = {isa = PBXFileReference; lastKnownFileType = sourcecode.swift; path = EmptyListView.swift; sourceTree = "<group>"; };
		9AEE279F2BF0E9E700F8D6C0 /* StartRateView.swift */ = {isa = PBXFileReference; lastKnownFileType = sourcecode.swift; path = StartRateView.swift; sourceTree = "<group>"; };
		9AEE27A12BF0EC3500F8D6C0 /* RestaurantType.swift */ = {isa = PBXFileReference; lastKnownFileType = sourcecode.swift; path = RestaurantType.swift; sourceTree = "<group>"; };
		9AEE27A32BF0F85400F8D6C0 /* ReviewVM.swift */ = {isa = PBXFileReference; lastKnownFileType = sourcecode.swift; path = ReviewVM.swift; sourceTree = "<group>"; };
		9AEE27A62BF0FA6A00F8D6C0 /* ReviewBuilder.swift */ = {isa = PBXFileReference; lastKnownFileType = sourcecode.swift; path = ReviewBuilder.swift; sourceTree = "<group>"; };
		9AEE27A92BF0FAE800F8D6C0 /* AddRestaurantVM.swift */ = {isa = PBXFileReference; lastKnownFileType = sourcecode.swift; path = AddRestaurantVM.swift; sourceTree = "<group>"; };
		9AEE27AB2BF0FCDC00F8D6C0 /* AddRestaurantBuilder.swift */ = {isa = PBXFileReference; lastKnownFileType = sourcecode.swift; path = AddRestaurantBuilder.swift; sourceTree = "<group>"; };
		9AEE27B12BF11E7D00F8D6C0 /* SortOptionPill.swift */ = {isa = PBXFileReference; lastKnownFileType = sourcecode.swift; path = SortOptionPill.swift; sourceTree = "<group>"; };
/* End PBXFileReference section */

/* Begin PBXFrameworksBuildPhase section */
		9AEE27452BEE88A800F8D6C0 /* Frameworks */ = {
			isa = PBXFrameworksBuildPhase;
			buildActionMask = 2147483647;
			files = (
			);
			runOnlyForDeploymentPostprocessing = 0;
		};
		9AEE27572BEE88AB00F8D6C0 /* Frameworks */ = {
			isa = PBXFrameworksBuildPhase;
			buildActionMask = 2147483647;
			files = (
			);
			runOnlyForDeploymentPostprocessing = 0;
		};
		9AEE27612BEE88AB00F8D6C0 /* Frameworks */ = {
			isa = PBXFrameworksBuildPhase;
			buildActionMask = 2147483647;
			files = (
			);
			runOnlyForDeploymentPostprocessing = 0;
		};
/* End PBXFrameworksBuildPhase section */

/* Begin PBXGroup section */
		9AEE273F2BEE88A800F8D6C0 = {
			isa = PBXGroup;
			children = (
				9AEE274A2BEE88A800F8D6C0 /* RestourantReviewApp */,
				9AEE275D2BEE88AB00F8D6C0 /* RestourantReviewAppTests */,
				9AEE27672BEE88AB00F8D6C0 /* RestourantReviewAppUITests */,
				9AEE27492BEE88A800F8D6C0 /* Products */,
			);
			sourceTree = "<group>";
		};
		9AEE27492BEE88A800F8D6C0 /* Products */ = {
			isa = PBXGroup;
			children = (
				9AEE27482BEE88A800F8D6C0 /* RestourantReviewApp.app */,
				9AEE275A2BEE88AB00F8D6C0 /* RestourantReviewAppTests.xctest */,
				9AEE27642BEE88AB00F8D6C0 /* RestourantReviewAppUITests.xctest */,
			);
			name = Products;
			sourceTree = "<group>";
		};
		9AEE274A2BEE88A800F8D6C0 /* RestourantReviewApp */ = {
			isa = PBXGroup;
			children = (
				9AEE27912BF0CC8F00F8D6C0 /* Extensions */,
				9AEE277A2BEE88F800F8D6C0 /* Resources */,
				9AEE27772BEE88DC00F8D6C0 /* Model */,
				9AEE27792BEE88F000F8D6C0 /* Views */,
				9AEE274B2BEE88A800F8D6C0 /* RestourantReviewAppApp.swift */,
				9AEE27532BEE88AB00F8D6C0 /* Preview Content */,
			);
			path = RestourantReviewApp;
			sourceTree = "<group>";
		};
		9AEE27532BEE88AB00F8D6C0 /* Preview Content */ = {
			isa = PBXGroup;
			children = (
				9AEE27542BEE88AB00F8D6C0 /* Preview Assets.xcassets */,
			);
			path = "Preview Content";
			sourceTree = "<group>";
		};
		9AEE275D2BEE88AB00F8D6C0 /* RestourantReviewAppTests */ = {
			isa = PBXGroup;
			children = (
				9AEE275E2BEE88AB00F8D6C0 /* RestourantReviewAppTests.swift */,
			);
			path = RestourantReviewAppTests;
			sourceTree = "<group>";
		};
		9AEE27672BEE88AB00F8D6C0 /* RestourantReviewAppUITests */ = {
			isa = PBXGroup;
			children = (
				9AEE27682BEE88AB00F8D6C0 /* RestourantReviewAppUITests.swift */,
				9AEE276A2BEE88AB00F8D6C0 /* RestourantReviewAppUITestsLaunchTests.swift */,
			);
			path = RestourantReviewAppUITests;
			sourceTree = "<group>";
		};
		9AEE27772BEE88DC00F8D6C0 /* Model */ = {
			isa = PBXGroup;
			children = (
				9AEE277B2BEE8B2600F8D6C0 /* Restaurant.swift */,
				9AEE277D2BEE8B2F00F8D6C0 /* Review.swift */,
				9AEE27A12BF0EC3500F8D6C0 /* RestaurantType.swift */,
			);
			path = Model;
			sourceTree = "<group>";
		};
		9AEE27792BEE88F000F8D6C0 /* Views */ = {
			isa = PBXGroup;
			children = (
				9AEE278C2BEE8E9700F8D6C0 /* Review */,
				9AEE278B2BEE8E8700F8D6C0 /* Restourant */,
			);
			path = Views;
			sourceTree = "<group>";
		};
		9AEE277A2BEE88F800F8D6C0 /* Resources */ = {
			isa = PBXGroup;
			children = (
				9AEE27512BEE88AB00F8D6C0 /* Assets.xcassets */,
			);
			path = Resources;
			sourceTree = "<group>";
		};
		9AEE278B2BEE8E8700F8D6C0 /* Restourant */ = {
			isa = PBXGroup;
			children = (
				9AEE27A82BF0FAD500F8D6C0 /* AddRestaurant */,
				9AEE278E2BEE965C00F8D6C0 /* Subviews */,
				9AEE277F2BEE8DEA00F8D6C0 /* RestaurantsView.swift */,
			);
			path = Restourant;
			sourceTree = "<group>";
		};
		9AEE278C2BEE8E9700F8D6C0 /* Review */ = {
			isa = PBXGroup;
			children = (
				9AEE27A52BF0F8F300F8D6C0 /* AddReview */,
				9AEE27942BF0D0FE00F8D6C0 /* Subviews */,
				9AEE27812BEE8DF900F8D6C0 /* ReviewView.swift */,
				9AEE27A32BF0F85400F8D6C0 /* ReviewVM.swift */,
				9AEE27A62BF0FA6A00F8D6C0 /* ReviewBuilder.swift */,
			);
			path = Review;
			sourceTree = "<group>";
		};
		9AEE278E2BEE965C00F8D6C0 /* Subviews */ = {
			isa = PBXGroup;
			children = (
				9AEE27832BEE8E0D00F8D6C0 /* RestourantListItemView.swift */,
				9AEE279D2BF0E1EC00F8D6C0 /* EmptyListView.swift */,
				9AEE279F2BF0E9E700F8D6C0 /* StartRateView.swift */,
				9AEE27B12BF11E7D00F8D6C0 /* SortOptionPill.swift */,
			);
			path = Subviews;
			sourceTree = "<group>";
		};
		9AEE27912BF0CC8F00F8D6C0 /* Extensions */ = {
			isa = PBXGroup;
			children = (
				9AEE27922BF0CCA100F8D6C0 /* Date+Format.swift */,
			);
			path = Extensions;
			sourceTree = "<group>";
		};
		9AEE27942BF0D0FE00F8D6C0 /* Subviews */ = {
			isa = PBXGroup;
			children = (
				9AEE27852BEE8E1B00F8D6C0 /* ReviewListItemView.swift */,
				9AEE27952BF0D11C00F8D6C0 /* StarRatingView.swift */,
				9AEE27972BF0D76500F8D6C0 /* DatePickerView.swift */,
			);
			path = Subviews;
			sourceTree = "<group>";
		};
		9AEE27A52BF0F8F300F8D6C0 /* AddReview */ = {
			isa = PBXGroup;
			children = (
				9AEE27892BEE8E4600F8D6C0 /* AddReviewView.swift */,
			);
			path = AddReview;
			sourceTree = "<group>";
		};
		9AEE27A82BF0FAD500F8D6C0 /* AddRestaurant */ = {
			isa = PBXGroup;
			children = (
				9AEE27872BEE8E3D00F8D6C0 /* AddRestourantView.swift */,
				9AEE27A92BF0FAE800F8D6C0 /* AddRestaurantVM.swift */,
				9AEE27AB2BF0FCDC00F8D6C0 /* AddRestaurantBuilder.swift */,
			);
			path = AddRestaurant;
			sourceTree = "<group>";
		};
/* End PBXGroup section */

/* Begin PBXNativeTarget section */
		9AEE27472BEE88A800F8D6C0 /* RestourantReviewApp */ = {
			isa = PBXNativeTarget;
			buildConfigurationList = 9AEE276E2BEE88AB00F8D6C0 /* Build configuration list for PBXNativeTarget "RestourantReviewApp" */;
			buildPhases = (
				9AEE27442BEE88A800F8D6C0 /* Sources */,
				9AEE27452BEE88A800F8D6C0 /* Frameworks */,
				9AEE27462BEE88A800F8D6C0 /* Resources */,
			);
			buildRules = (
			);
			dependencies = (
			);
			name = RestourantReviewApp;
			productName = RestourantReviewApp;
			productReference = 9AEE27482BEE88A800F8D6C0 /* RestourantReviewApp.app */;
			productType = "com.apple.product-type.application";
		};
		9AEE27592BEE88AB00F8D6C0 /* RestourantReviewAppTests */ = {
			isa = PBXNativeTarget;
			buildConfigurationList = 9AEE27712BEE88AB00F8D6C0 /* Build configuration list for PBXNativeTarget "RestourantReviewAppTests" */;
			buildPhases = (
				9AEE27562BEE88AB00F8D6C0 /* Sources */,
				9AEE27572BEE88AB00F8D6C0 /* Frameworks */,
				9AEE27582BEE88AB00F8D6C0 /* Resources */,
			);
			buildRules = (
			);
			dependencies = (
				9AEE275C2BEE88AB00F8D6C0 /* PBXTargetDependency */,
			);
			name = RestourantReviewAppTests;
			productName = RestourantReviewAppTests;
			productReference = 9AEE275A2BEE88AB00F8D6C0 /* RestourantReviewAppTests.xctest */;
			productType = "com.apple.product-type.bundle.unit-test";
		};
		9AEE27632BEE88AB00F8D6C0 /* RestourantReviewAppUITests */ = {
			isa = PBXNativeTarget;
			buildConfigurationList = 9AEE27742BEE88AB00F8D6C0 /* Build configuration list for PBXNativeTarget "RestourantReviewAppUITests" */;
			buildPhases = (
				9AEE27602BEE88AB00F8D6C0 /* Sources */,
				9AEE27612BEE88AB00F8D6C0 /* Frameworks */,
				9AEE27622BEE88AB00F8D6C0 /* Resources */,
			);
			buildRules = (
			);
			dependencies = (
				9AEE27662BEE88AB00F8D6C0 /* PBXTargetDependency */,
			);
			name = RestourantReviewAppUITests;
			productName = RestourantReviewAppUITests;
			productReference = 9AEE27642BEE88AB00F8D6C0 /* RestourantReviewAppUITests.xctest */;
			productType = "com.apple.product-type.bundle.ui-testing";
		};
/* End PBXNativeTarget section */

/* Begin PBXProject section */
		9AEE27402BEE88A800F8D6C0 /* Project object */ = {
			isa = PBXProject;
			attributes = {
				BuildIndependentTargetsInParallel = 1;
				LastSwiftUpdateCheck = 1510;
				LastUpgradeCheck = 1510;
				TargetAttributes = {
					9AEE27472BEE88A800F8D6C0 = {
						CreatedOnToolsVersion = 15.1;
					};
					9AEE27592BEE88AB00F8D6C0 = {
						CreatedOnToolsVersion = 15.1;
						TestTargetID = 9AEE27472BEE88A800F8D6C0;
					};
					9AEE27632BEE88AB00F8D6C0 = {
						CreatedOnToolsVersion = 15.1;
						TestTargetID = 9AEE27472BEE88A800F8D6C0;
					};
				};
			};
			buildConfigurationList = 9AEE27432BEE88A800F8D6C0 /* Build configuration list for PBXProject "RestourantReviewApp" */;
			compatibilityVersion = "Xcode 14.0";
			developmentRegion = en;
			hasScannedForEncodings = 0;
			knownRegions = (
				en,
				Base,
			);
			mainGroup = 9AEE273F2BEE88A800F8D6C0;
			productRefGroup = 9AEE27492BEE88A800F8D6C0 /* Products */;
			projectDirPath = "";
			projectRoot = "";
			targets = (
				9AEE27472BEE88A800F8D6C0 /* RestourantReviewApp */,
				9AEE27592BEE88AB00F8D6C0 /* RestourantReviewAppTests */,
				9AEE27632BEE88AB00F8D6C0 /* RestourantReviewAppUITests */,
			);
		};
/* End PBXProject section */

/* Begin PBXResourcesBuildPhase section */
		9AEE27462BEE88A800F8D6C0 /* Resources */ = {
			isa = PBXResourcesBuildPhase;
			buildActionMask = 2147483647;
			files = (
				9AEE27552BEE88AB00F8D6C0 /* Preview Assets.xcassets in Resources */,
				9AEE27522BEE88AB00F8D6C0 /* Assets.xcassets in Resources */,
			);
			runOnlyForDeploymentPostprocessing = 0;
		};
		9AEE27582BEE88AB00F8D6C0 /* Resources */ = {
			isa = PBXResourcesBuildPhase;
			buildActionMask = 2147483647;
			files = (
			);
			runOnlyForDeploymentPostprocessing = 0;
		};
		9AEE27622BEE88AB00F8D6C0 /* Resources */ = {
			isa = PBXResourcesBuildPhase;
			buildActionMask = 2147483647;
			files = (
			);
			runOnlyForDeploymentPostprocessing = 0;
		};
/* End PBXResourcesBuildPhase section */

/* Begin PBXSourcesBuildPhase section */
		9AEE27442BEE88A800F8D6C0 /* Sources */ = {
			isa = PBXSourcesBuildPhase;
			buildActionMask = 2147483647;
			files = (
				9AEE277E2BEE8B2F00F8D6C0 /* Review.swift in Sources */,
				9AEE27802BEE8DEA00F8D6C0 /* RestaurantsView.swift in Sources */,
				9AEE27882BEE8E3E00F8D6C0 /* AddRestourantView.swift in Sources */,
				9AEE278A2BEE8E4600F8D6C0 /* AddReviewView.swift in Sources */,
				9AEE27962BF0D11C00F8D6C0 /* StarRatingView.swift in Sources */,
				9AEE27AA2BF0FAE800F8D6C0 /* AddRestaurantVM.swift in Sources */,
				9AEE27A02BF0E9E700F8D6C0 /* StartRateView.swift in Sources */,
				9AEE27A22BF0EC3500F8D6C0 /* RestaurantType.swift in Sources */,
				9AEE27A72BF0FA6A00F8D6C0 /* ReviewBuilder.swift in Sources */,
				9AEE279E2BF0E1EC00F8D6C0 /* EmptyListView.swift in Sources */,
				9AEE27842BEE8E0D00F8D6C0 /* RestourantListItemView.swift in Sources */,
				9AEE27932BF0CCA100F8D6C0 /* Date+Format.swift in Sources */,
				9AEE27AC2BF0FCDC00F8D6C0 /* AddRestaurantBuilder.swift in Sources */,
				9AEE277C2BEE8B2600F8D6C0 /* Restaurant.swift in Sources */,
				9AEE27982BF0D76500F8D6C0 /* DatePickerView.swift in Sources */,
				9AEE274C2BEE88A800F8D6C0 /* RestourantReviewAppApp.swift in Sources */,
				9AEE27862BEE8E1B00F8D6C0 /* ReviewListItemView.swift in Sources */,
				9AEE27B22BF11E7D00F8D6C0 /* SortOptionPill.swift in Sources */,
				9AEE27A42BF0F85400F8D6C0 /* ReviewVM.swift in Sources */,
				9AEE27822BEE8DF900F8D6C0 /* ReviewView.swift in Sources */,
			);
			runOnlyForDeploymentPostprocessing = 0;
		};
		9AEE27562BEE88AB00F8D6C0 /* Sources */ = {
			isa = PBXSourcesBuildPhase;
			buildActionMask = 2147483647;
			files = (
				9AEE275F2BEE88AB00F8D6C0 /* RestourantReviewAppTests.swift in Sources */,
			);
			runOnlyForDeploymentPostprocessing = 0;
		};
		9AEE27602BEE88AB00F8D6C0 /* Sources */ = {
			isa = PBXSourcesBuildPhase;
			buildActionMask = 2147483647;
			files = (
				9AEE27692BEE88AB00F8D6C0 /* RestourantReviewAppUITests.swift in Sources */,
				9AEE276B2BEE88AB00F8D6C0 /* RestourantReviewAppUITestsLaunchTests.swift in Sources */,
			);
			runOnlyForDeploymentPostprocessing = 0;
		};
/* End PBXSourcesBuildPhase section */

/* Begin PBXTargetDependency section */
		9AEE275C2BEE88AB00F8D6C0 /* PBXTargetDependency */ = {
			isa = PBXTargetDependency;
			target = 9AEE27472BEE88A800F8D6C0 /* RestourantReviewApp */;
			targetProxy = 9AEE275B2BEE88AB00F8D6C0 /* PBXContainerItemProxy */;
		};
		9AEE27662BEE88AB00F8D6C0 /* PBXTargetDependency */ = {
			isa = PBXTargetDependency;
			target = 9AEE27472BEE88A800F8D6C0 /* RestourantReviewApp */;
			targetProxy = 9AEE27652BEE88AB00F8D6C0 /* PBXContainerItemProxy */;
		};
/* End PBXTargetDependency section */

/* Begin XCBuildConfiguration section */
		9AEE276C2BEE88AB00F8D6C0 /* Debug */ = {
			isa = XCBuildConfiguration;
			buildSettings = {
				ALWAYS_SEARCH_USER_PATHS = NO;
				ASSETCATALOG_COMPILER_GENERATE_SWIFT_ASSET_SYMBOL_EXTENSIONS = YES;
				CLANG_ANALYZER_NONNULL = YES;
				CLANG_ANALYZER_NUMBER_OBJECT_CONVERSION = YES_AGGRESSIVE;
				CLANG_CXX_LANGUAGE_STANDARD = "gnu++20";
				CLANG_ENABLE_MODULES = YES;
				CLANG_ENABLE_OBJC_ARC = YES;
				CLANG_ENABLE_OBJC_WEAK = YES;
				CLANG_WARN_BLOCK_CAPTURE_AUTORELEASING = YES;
				CLANG_WARN_BOOL_CONVERSION = YES;
				CLANG_WARN_COMMA = YES;
				CLANG_WARN_CONSTANT_CONVERSION = YES;
				CLANG_WARN_DEPRECATED_OBJC_IMPLEMENTATIONS = YES;
				CLANG_WARN_DIRECT_OBJC_ISA_USAGE = YES_ERROR;
				CLANG_WARN_DOCUMENTATION_COMMENTS = YES;
				CLANG_WARN_EMPTY_BODY = YES;
				CLANG_WARN_ENUM_CONVERSION = YES;
				CLANG_WARN_INFINITE_RECURSION = YES;
				CLANG_WARN_INT_CONVERSION = YES;
				CLANG_WARN_NON_LITERAL_NULL_CONVERSION = YES;
				CLANG_WARN_OBJC_IMPLICIT_RETAIN_SELF = YES;
				CLANG_WARN_OBJC_LITERAL_CONVERSION = YES;
				CLANG_WARN_OBJC_ROOT_CLASS = YES_ERROR;
				CLANG_WARN_QUOTED_INCLUDE_IN_FRAMEWORK_HEADER = YES;
				CLANG_WARN_RANGE_LOOP_ANALYSIS = YES;
				CLANG_WARN_STRICT_PROTOTYPES = YES;
				CLANG_WARN_SUSPICIOUS_MOVE = YES;
				CLANG_WARN_UNGUARDED_AVAILABILITY = YES_AGGRESSIVE;
				CLANG_WARN_UNREACHABLE_CODE = YES;
				CLANG_WARN__DUPLICATE_METHOD_MATCH = YES;
				COPY_PHASE_STRIP = NO;
				DEBUG_INFORMATION_FORMAT = dwarf;
				ENABLE_STRICT_OBJC_MSGSEND = YES;
				ENABLE_TESTABILITY = YES;
				ENABLE_USER_SCRIPT_SANDBOXING = YES;
				GCC_C_LANGUAGE_STANDARD = gnu17;
				GCC_DYNAMIC_NO_PIC = NO;
				GCC_NO_COMMON_BLOCKS = YES;
				GCC_OPTIMIZATION_LEVEL = 0;
				GCC_PREPROCESSOR_DEFINITIONS = (
					"DEBUG=1",
					"$(inherited)",
				);
				GCC_WARN_64_TO_32_BIT_CONVERSION = YES;
				GCC_WARN_ABOUT_RETURN_TYPE = YES_ERROR;
				GCC_WARN_UNDECLARED_SELECTOR = YES;
				GCC_WARN_UNINITIALIZED_AUTOS = YES_AGGRESSIVE;
				GCC_WARN_UNUSED_FUNCTION = YES;
				GCC_WARN_UNUSED_VARIABLE = YES;
				IPHONEOS_DEPLOYMENT_TARGET = 17.2;
				LOCALIZATION_PREFERS_STRING_CATALOGS = YES;
				MTL_ENABLE_DEBUG_INFO = INCLUDE_SOURCE;
				MTL_FAST_MATH = YES;
				ONLY_ACTIVE_ARCH = YES;
				SDKROOT = iphoneos;
				SWIFT_ACTIVE_COMPILATION_CONDITIONS = "DEBUG $(inherited)";
				SWIFT_OPTIMIZATION_LEVEL = "-Onone";
			};
			name = Debug;
		};
		9AEE276D2BEE88AB00F8D6C0 /* Release */ = {
			isa = XCBuildConfiguration;
			buildSettings = {
				ALWAYS_SEARCH_USER_PATHS = NO;
				ASSETCATALOG_COMPILER_GENERATE_SWIFT_ASSET_SYMBOL_EXTENSIONS = YES;
				CLANG_ANALYZER_NONNULL = YES;
				CLANG_ANALYZER_NUMBER_OBJECT_CONVERSION = YES_AGGRESSIVE;
				CLANG_CXX_LANGUAGE_STANDARD = "gnu++20";
				CLANG_ENABLE_MODULES = YES;
				CLANG_ENABLE_OBJC_ARC = YES;
				CLANG_ENABLE_OBJC_WEAK = YES;
				CLANG_WARN_BLOCK_CAPTURE_AUTORELEASING = YES;
				CLANG_WARN_BOOL_CONVERSION = YES;
				CLANG_WARN_COMMA = YES;
				CLANG_WARN_CONSTANT_CONVERSION = YES;
				CLANG_WARN_DEPRECATED_OBJC_IMPLEMENTATIONS = YES;
				CLANG_WARN_DIRECT_OBJC_ISA_USAGE = YES_ERROR;
				CLANG_WARN_DOCUMENTATION_COMMENTS = YES;
				CLANG_WARN_EMPTY_BODY = YES;
				CLANG_WARN_ENUM_CONVERSION = YES;
				CLANG_WARN_INFINITE_RECURSION = YES;
				CLANG_WARN_INT_CONVERSION = YES;
				CLANG_WARN_NON_LITERAL_NULL_CONVERSION = YES;
				CLANG_WARN_OBJC_IMPLICIT_RETAIN_SELF = YES;
				CLANG_WARN_OBJC_LITERAL_CONVERSION = YES;
				CLANG_WARN_OBJC_ROOT_CLASS = YES_ERROR;
				CLANG_WARN_QUOTED_INCLUDE_IN_FRAMEWORK_HEADER = YES;
				CLANG_WARN_RANGE_LOOP_ANALYSIS = YES;
				CLANG_WARN_STRICT_PROTOTYPES = YES;
				CLANG_WARN_SUSPICIOUS_MOVE = YES;
				CLANG_WARN_UNGUARDED_AVAILABILITY = YES_AGGRESSIVE;
				CLANG_WARN_UNREACHABLE_CODE = YES;
				CLANG_WARN__DUPLICATE_METHOD_MATCH = YES;
				COPY_PHASE_STRIP = NO;
				DEBUG_INFORMATION_FORMAT = "dwarf-with-dsym";
				ENABLE_NS_ASSERTIONS = NO;
				ENABLE_STRICT_OBJC_MSGSEND = YES;
				ENABLE_USER_SCRIPT_SANDBOXING = YES;
				GCC_C_LANGUAGE_STANDARD = gnu17;
				GCC_NO_COMMON_BLOCKS = YES;
				GCC_WARN_64_TO_32_BIT_CONVERSION = YES;
				GCC_WARN_ABOUT_RETURN_TYPE = YES_ERROR;
				GCC_WARN_UNDECLARED_SELECTOR = YES;
				GCC_WARN_UNINITIALIZED_AUTOS = YES_AGGRESSIVE;
				GCC_WARN_UNUSED_FUNCTION = YES;
				GCC_WARN_UNUSED_VARIABLE = YES;
				IPHONEOS_DEPLOYMENT_TARGET = 17.2;
				LOCALIZATION_PREFERS_STRING_CATALOGS = YES;
				MTL_ENABLE_DEBUG_INFO = NO;
				MTL_FAST_MATH = YES;
				SDKROOT = iphoneos;
				SWIFT_COMPILATION_MODE = wholemodule;
				VALIDATE_PRODUCT = YES;
			};
			name = Release;
		};
		9AEE276F2BEE88AB00F8D6C0 /* Debug */ = {
			isa = XCBuildConfiguration;
			buildSettings = {
				ASSETCATALOG_COMPILER_APPICON_NAME = AppIcon;
				ASSETCATALOG_COMPILER_GLOBAL_ACCENT_COLOR_NAME = AccentColor;
				CODE_SIGN_IDENTITY = "Apple Development";
				CODE_SIGN_STYLE = Automatic;
				CURRENT_PROJECT_VERSION = 1;
				DEVELOPMENT_ASSET_PATHS = "\"RestourantReviewApp/Preview Content\"";
				DEVELOPMENT_TEAM = "";
				ENABLE_PREVIEWS = YES;
				GENERATE_INFOPLIST_FILE = YES;
				INFOPLIST_KEY_UIApplicationSceneManifest_Generation = YES;
				INFOPLIST_KEY_UIApplicationSupportsIndirectInputEvents = YES;
				INFOPLIST_KEY_UILaunchScreen_Generation = YES;
				INFOPLIST_KEY_UISupportedInterfaceOrientations_iPad = "UIInterfaceOrientationPortrait UIInterfaceOrientationPortraitUpsideDown UIInterfaceOrientationLandscapeLeft UIInterfaceOrientationLandscapeRight";
				INFOPLIST_KEY_UISupportedInterfaceOrientations_iPhone = "UIInterfaceOrientationPortrait UIInterfaceOrientationLandscapeLeft UIInterfaceOrientationLandscapeRight";
				LD_RUNPATH_SEARCH_PATHS = (
					"$(inherited)",
					"@executable_path/Frameworks",
				);
				MARKETING_VERSION = 1.0;
				PRODUCT_BUNDLE_IDENTIFIER = com.restourant.review.demo.app.RestourantReviewApp;
				PRODUCT_NAME = "$(TARGET_NAME)";
				PROVISIONING_PROFILE_SPECIFIER = "";
				SWIFT_EMIT_LOC_STRINGS = YES;
				SWIFT_VERSION = 5.0;
				TARGETED_DEVICE_FAMILY = "1,2";
			};
			name = Debug;
		};
		9AEE27702BEE88AB00F8D6C0 /* Release */ = {
			isa = XCBuildConfiguration;
			buildSettings = {
				ASSETCATALOG_COMPILER_APPICON_NAME = AppIcon;
				ASSETCATALOG_COMPILER_GLOBAL_ACCENT_COLOR_NAME = AccentColor;
				CODE_SIGN_IDENTITY = "Apple Development";
				CODE_SIGN_STYLE = Automatic;
				CURRENT_PROJECT_VERSION = 1;
				DEVELOPMENT_ASSET_PATHS = "\"RestourantReviewApp/Preview Content\"";
				DEVELOPMENT_TEAM = "";
				ENABLE_PREVIEWS = YES;
				GENERATE_INFOPLIST_FILE = YES;
				INFOPLIST_KEY_UIApplicationSceneManifest_Generation = YES;
				INFOPLIST_KEY_UIApplicationSupportsIndirectInputEvents = YES;
				INFOPLIST_KEY_UILaunchScreen_Generation = YES;
				INFOPLIST_KEY_UISupportedInterfaceOrientations_iPad = "UIInterfaceOrientationPortrait UIInterfaceOrientationPortraitUpsideDown UIInterfaceOrientationLandscapeLeft UIInterfaceOrientationLandscapeRight";
				INFOPLIST_KEY_UISupportedInterfaceOrientations_iPhone = "UIInterfaceOrientationPortrait UIInterfaceOrientationLandscapeLeft UIInterfaceOrientationLandscapeRight";
				LD_RUNPATH_SEARCH_PATHS = (
					"$(inherited)",
					"@executable_path/Frameworks",
				);
				MARKETING_VERSION = 1.0;
				PRODUCT_BUNDLE_IDENTIFIER = com.restourant.review.demo.app.RestourantReviewApp;
				PRODUCT_NAME = "$(TARGET_NAME)";
				PROVISIONING_PROFILE_SPECIFIER = "";
				SWIFT_EMIT_LOC_STRINGS = YES;
				SWIFT_VERSION = 5.0;
				TARGETED_DEVICE_FAMILY = "1,2";
			};
			name = Release;
		};
		9AEE27722BEE88AB00F8D6C0 /* Debug */ = {
			isa = XCBuildConfiguration;
			buildSettings = {
				ALWAYS_EMBED_SWIFT_STANDARD_LIBRARIES = YES;
				BUNDLE_LOADER = "$(TEST_HOST)";
				CODE_SIGN_STYLE = Automatic;
				CURRENT_PROJECT_VERSION = 1;
				DEVELOPMENT_TEAM = ZPV5FNDG4L;
				GENERATE_INFOPLIST_FILE = YES;
				IPHONEOS_DEPLOYMENT_TARGET = 17.2;
				MARKETING_VERSION = 1.0;
				PRODUCT_BUNDLE_IDENTIFIER = com.restourant.review.demo.app.RestourantReviewAppTests;
				PRODUCT_NAME = "$(TARGET_NAME)";
				SWIFT_EMIT_LOC_STRINGS = NO;
				SWIFT_VERSION = 5.0;
				TARGETED_DEVICE_FAMILY = "1,2";
				TEST_HOST = "$(BUILT_PRODUCTS_DIR)/RestourantReviewApp.app/$(BUNDLE_EXECUTABLE_FOLDER_PATH)/RestourantReviewApp";
			};
			name = Debug;
		};
		9AEE27732BEE88AB00F8D6C0 /* Release */ = {
			isa = XCBuildConfiguration;
			buildSettings = {
				ALWAYS_EMBED_SWIFT_STANDARD_LIBRARIES = YES;
				BUNDLE_LOADER = "$(TEST_HOST)";
				CODE_SIGN_STYLE = Automatic;
				CURRENT_PROJECT_VERSION = 1;
				DEVELOPMENT_TEAM = ZPV5FNDG4L;
				GENERATE_INFOPLIST_FILE = YES;
				IPHONEOS_DEPLOYMENT_TARGET = 17.2;
				MARKETING_VERSION = 1.0;
				PRODUCT_BUNDLE_IDENTIFIER = com.restourant.review.demo.app.RestourantReviewAppTests;
				PRODUCT_NAME = "$(TARGET_NAME)";
				SWIFT_EMIT_LOC_STRINGS = NO;
				SWIFT_VERSION = 5.0;
				TARGETED_DEVICE_FAMILY = "1,2";
				TEST_HOST = "$(BUILT_PRODUCTS_DIR)/RestourantReviewApp.app/$(BUNDLE_EXECUTABLE_FOLDER_PATH)/RestourantReviewApp";
			};
			name = Release;
		};
		9AEE27752BEE88AB00F8D6C0 /* Debug */ = {
			isa = XCBuildConfiguration;
			buildSettings = {
				ALWAYS_EMBED_SWIFT_STANDARD_LIBRARIES = YES;
				CODE_SIGN_STYLE = Automatic;
				CURRENT_PROJECT_VERSION = 1;
				DEVELOPMENT_TEAM = ZPV5FNDG4L;
				GENERATE_INFOPLIST_FILE = YES;
				MARKETING_VERSION = 1.0;
				PRODUCT_BUNDLE_IDENTIFIER = com.restourant.review.demo.app.RestourantReviewAppUITests;
				PRODUCT_NAME = "$(TARGET_NAME)";
				SWIFT_EMIT_LOC_STRINGS = NO;
				SWIFT_VERSION = 5.0;
				TARGETED_DEVICE_FAMILY = "1,2";
				TEST_TARGET_NAME = RestourantReviewApp;
			};
			name = Debug;
		};
		9AEE27762BEE88AB00F8D6C0 /* Release */ = {
			isa = XCBuildConfiguration;
			buildSettings = {
				ALWAYS_EMBED_SWIFT_STANDARD_LIBRARIES = YES;
				CODE_SIGN_STYLE = Automatic;
				CURRENT_PROJECT_VERSION = 1;
				DEVELOPMENT_TEAM = ZPV5FNDG4L;
				GENERATE_INFOPLIST_FILE = YES;
				MARKETING_VERSION = 1.0;
				PRODUCT_BUNDLE_IDENTIFIER = com.restourant.review.demo.app.RestourantReviewAppUITests;
				PRODUCT_NAME = "$(TARGET_NAME)";
				SWIFT_EMIT_LOC_STRINGS = NO;
				SWIFT_VERSION = 5.0;
				TARGETED_DEVICE_FAMILY = "1,2";
				TEST_TARGET_NAME = RestourantReviewApp;
			};
			name = Release;
		};
/* End XCBuildConfiguration section */

/* Begin XCConfigurationList section */
		9AEE27432BEE88A800F8D6C0 /* Build configuration list for PBXProject "RestourantReviewApp" */ = {
			isa = XCConfigurationList;
			buildConfigurations = (
				9AEE276C2BEE88AB00F8D6C0 /* Debug */,
				9AEE276D2BEE88AB00F8D6C0 /* Release */,
			);
			defaultConfigurationIsVisible = 0;
			defaultConfigurationName = Release;
		};
		9AEE276E2BEE88AB00F8D6C0 /* Build configuration list for PBXNativeTarget "RestourantReviewApp" */ = {
			isa = XCConfigurationList;
			buildConfigurations = (
				9AEE276F2BEE88AB00F8D6C0 /* Debug */,
				9AEE27702BEE88AB00F8D6C0 /* Release */,
			);
			defaultConfigurationIsVisible = 0;
			defaultConfigurationName = Release;
		};
		9AEE27712BEE88AB00F8D6C0 /* Build configuration list for PBXNativeTarget "RestourantReviewAppTests" */ = {
			isa = XCConfigurationList;
			buildConfigurations = (
				9AEE27722BEE88AB00F8D6C0 /* Debug */,
				9AEE27732BEE88AB00F8D6C0 /* Release */,
			);
			defaultConfigurationIsVisible = 0;
			defaultConfigurationName = Release;
		};
		9AEE27742BEE88AB00F8D6C0 /* Build configuration list for PBXNativeTarget "RestourantReviewAppUITests" */ = {
			isa = XCConfigurationList;
			buildConfigurations = (
				9AEE27752BEE88AB00F8D6C0 /* Debug */,
				9AEE27762BEE88AB00F8D6C0 /* Release */,
			);
			defaultConfigurationIsVisible = 0;
			defaultConfigurationName = Release;
		};
/* End XCConfigurationList section */
	};
	rootObject = 9AEE27402BEE88A800F8D6C0 /* Project object */;
}
